
Microsoft Visual Studio Solution File, Format Version 12.00
# Visual Studio 15
VisualStudioVersion = 15.0.28307.1433
MinimumVisualStudioVersion = 10.0.40219.1
Project("{8BC9CEB8-8B4A-11D0-8D11-00A0C91BC942}") = "21.05.01-stl_vector", "21.05.01-stl_vector\21.05.01-stl_vector.vcxproj", "{F301DE82-1AF8-4949-BB9E-DC12E66D7097}"
EndProject
Project("{8BC9CEB8-8B4A-11D0-8D11-00A0C91BC942}") = "21.05.01-winAPI", "21.05.01-winAPI\21.05.01-winAPI.vcxproj", "{A5E1F4D9-5F02-427B-AD4C-FB9F734CCBE6}"
EndProject
Global
	GlobalSection(SolutionConfigurationPlatforms) = preSolution
		Debug|x64 = Debug|x64
		Debug|x86 = Debug|x86
		Release|x64 = Release|x64
		Release|x86 = Release|x86
	EndGlobalSection
	GlobalSection(ProjectConfigurationPlatforms) = postSolution
		{F301DE82-1AF8-4949-BB9E-DC12E66D7097}.Debug|x64.ActiveCfg = Debug|x64
		{F301DE82-1AF8-4949-BB9E-DC12E66D7097}.Debug|x64.Build.0 = Debug|x64
		{F301DE82-1AF8-4949-BB9E-DC12E66D7097}.Debug|x86.ActiveCfg = Debug|Win32
		{F301DE82-1AF8-4949-BB9E-DC12E66D7097}.Debug|x86.Build.0 = Debug|Win32
		{F301DE82-1AF8-4949-BB9E-DC12E66D7097}.Release|x64.ActiveCfg = Release|x64
		{F301DE82-1AF8-4949-BB9E-DC12E66D7097}.Release|x64.Build.0 = Release|x64
		{F301DE82-1AF8-4949-BB9E-DC12E66D7097}.Release|x86.ActiveCfg = Release|Win32
		{F301DE82-1AF8-4949-BB9E-DC12E66D7097}.Release|x86.Build.0 = Release|Win32
		{A5E1F4D9-5F02-427B-AD4C-FB9F734CCBE6}.Debug|x64.ActiveCfg = Debug|x64
		{A5E1F4D9-5F02-427B-AD4C-FB9F734CCBE6}.Debug|x64.Build.0 = Debug|x64
		{A5E1F4D9-5F02-427B-AD4C-FB9F734CCBE6}.Debug|x86.ActiveCfg = Debug|Win32
		{A5E1F4D9-5F02-427B-AD4C-FB9F734CCBE6}.Debug|x86.Build.0 = Debug|Win32
		{A5E1F4D9-5F02-427B-AD4C-FB9F734CCBE6}.Release|x64.ActiveCfg = Release|x64
		{A5E1F4D9-5F02-427B-AD4C-FB9F734CCBE6}.Release|x64.Build.0 = Release|x64
		{A5E1F4D9-5F02-427B-AD4C-FB9F734CCBE6}.Release|x86.ActiveCfg = Release|Win32
		{A5E1F4D9-5F02-427B-AD4C-FB9F734CCBE6}.Release|x86.Build.0 = Release|Win32
	EndGlobalSection
	GlobalSection(SolutionProperties) = preSolution
		HideSolutionNode = FALSE
	EndGlobalSection
	GlobalSection(ExtensibilityGlobals) = postSolution
		SolutionGuid = {2F51FA2C-AA54-401C-8882-5E73EDFA3490}
	EndGlobalSection
EndGlobal
